
Microsoft Visual Studio Solution File, Format Version 12.00
# Visual Studio Version 17
VisualStudioVersion = 17.9.34616.47
MinimumVisualStudioVersion = 10.0.40219.1
Project("{2150E333-8FDC-42A3-9474-1A3956D46DE8}") = "DoctorAvailability", "DoctorAvailability", "{7C724C7F-CD1A-482D-AF0B-0574AD01EAF6}"
EndProject
Project("{2150E333-8FDC-42A3-9474-1A3956D46DE8}") = "AppointmentBooking", "AppointmentBooking", "{81CF3337-3468-4EE5-A859-27B39B7DC452}"
EndProject
Project("{2150E333-8FDC-42A3-9474-1A3956D46DE8}") = "AppointmentConfirmation", "AppointmentConfirmation", "{4559B44D-085D-4765-95F2-F4E7FEB280D5}"
EndProject
Project("{2150E333-8FDC-42A3-9474-1A3956D46DE8}") = "DoctorAppointmentManagement", "DoctorAppointmentManagement", "{97A9CA17-1BBB-4DB0-84EE-A5A2D751EC47}"
EndProject
Project("{2150E333-8FDC-42A3-9474-1A3956D46DE8}") = "src", "src", "{3FD64579-534B-4C90-A96F-F3A3B2912A16}"
EndProject
Project("{2150E333-8FDC-42A3-9474-1A3956D46DE8}") = "tests", "tests", "{9B7C60F9-C270-474F-BDFF-F485A537EDFB}"
EndProject
Project("{9A19103F-16F7-4668-BE54-9A1E7A4F7556}") = "Doctor.Availability.DataAccess", "Doctor.Availability.DataAccess\Doctor.Availability.DataAccess.csproj", "{1D2AFDE3-0C7B-40E0-99AF-1469AFEB4288}"
EndProject
Project("{9A19103F-16F7-4668-BE54-9A1E7A4F7556}") = "Doctor.Availability.Core", "Doctor.Availability.Core\Doctor.Availability.Core.csproj", "{54C94347-97A9-449F-BEE3-4855CAB2D640}"
EndProject
Project("{9A19103F-16F7-4668-BE54-9A1E7A4F7556}") = "Appointment.Booking.Domain", "Appointment.Booking.Domain\Appointment.Booking.Domain.csproj", "{A234AE8B-6DD1-4816-B009-58A862CD38A4}"
EndProject
Project("{9A19103F-16F7-4668-BE54-9A1E7A4F7556}") = "Appointment.Booking.Application", "Appointment.Booking.Application\Appointment.Booking.Application.csproj", "{0DE2F901-21BB-4AD3-B145-934C7366CC95}"
EndProject
Project("{9A19103F-16F7-4668-BE54-9A1E7A4F7556}") = "Appointment.Booking.Infrastructure", "Appointment.Booking.Infrastructure\Appointment.Booking.Infrastructure.csproj", "{E5056443-4C7C-4445-B920-1F71598DDB00}"
EndProject
Project("{2150E333-8FDC-42A3-9474-1A3956D46DE8}") = "Shared", "Shared", "{4230CDFA-0EE1-4ECE-B4D2-518FAA2CB708}"
EndProject
Project("{2150E333-8FDC-42A3-9474-1A3956D46DE8}") = "Shell", "Shell", "{1A512F48-6C3B-45BD-8C3F-1585E2EBBA1A}"
EndProject
Project("{2150E333-8FDC-42A3-9474-1A3956D46DE8}") = "Core", "Core", "{983AF096-B5BE-4FB4-87A0-CE6AE20C2262}"
EndProject
Project("{9A19103F-16F7-4668-BE54-9A1E7A4F7556}") = "Doctor.Appointment.Management.Core", "Doctor.Appointment.Management.Core\Doctor.Appointment.Management.Core.csproj", "{8D7D7B7C-5BC1-4DF6-9AA0-4A1F7195BFC9}"
EndProject
Project("{9A19103F-16F7-4668-BE54-9A1E7A4F7556}") = "Doctor.Appointment.Management.Shell", "Doctor.Appointment.Management.Shell\Doctor.Appointment.Management.Shell.csproj", "{99B61356-1DA2-4926-B742-B60D7C7BADCA}"
EndProject
Project("{2150E333-8FDC-42A3-9474-1A3956D46DE8}") = "Integrations", "Integrations", "{300A428B-AAD8-4C4A-A7FB-7B5FAA7BE4BC}"
EndProject
Project("{2150E333-8FDC-42A3-9474-1A3956D46DE8}") = "Enums", "Enums", "{F641AFCC-1220-4B02-B4AE-976413EAC125}"
EndProject
Project("{9A19103F-16F7-4668-BE54-9A1E7A4F7556}") = "Enums", "Enums\Enums.csproj", "{5A7BF2BE-395C-45E2-AC10-3593AE221064}"
EndProject
Project("{9A19103F-16F7-4668-BE54-9A1E7A4F7556}") = "Integration.Events", "IntegrationEvents\Integration.Events.csproj", "{D66444A8-EB09-4BC5-BEFC-5F2D4EB82E2B}"
EndProject
Project("{9A19103F-16F7-4668-BE54-9A1E7A4F7556}") = "Doctor.Appointment.System.API", "Doctor.Appointment.System.API\Doctor.Appointment.System.API.csproj", "{5D413EAC-6474-477E-AC9B-DC099D6FEA72}"
EndProject
Project("{9A19103F-16F7-4668-BE54-9A1E7A4F7556}") = "Integration.Interfaces", "IntegrationInterfaces\Integration.Interfaces.csproj", "{96D6BCFB-72F7-4AF0-982D-BB6FE496CB8E}"
EndProject
Project("{9A19103F-16F7-4668-BE54-9A1E7A4F7556}") = "Integration.DTOs", "Integration.DTOs\Integration.DTOs.csproj", "{C795D14B-4383-48B7-A282-607F3C20B11E}"
EndProject
Project("{FAE04EC0-301F-11D3-BF4B-00C04F79EFBC}") = "Appointment.Confirmation.Core", "Appointment.Confirmation.Core\Appointment.Confirmation.Core.csproj", "{1DBCCB2D-4289-4DC1-8DC4-07A7A60AEEFD}"
EndProject
Global
	GlobalSection(SolutionConfigurationPlatforms) = preSolution
		Debug|Any CPU = Debug|Any CPU
		Release|Any CPU = Release|Any CPU
	EndGlobalSection
	GlobalSection(ProjectConfigurationPlatforms) = postSolution
		{1D2AFDE3-0C7B-40E0-99AF-1469AFEB4288}.Debug|Any CPU.ActiveCfg = Debug|Any CPU
		{1D2AFDE3-0C7B-40E0-99AF-1469AFEB4288}.Debug|Any CPU.Build.0 = Debug|Any CPU
		{1D2AFDE3-0C7B-40E0-99AF-1469AFEB4288}.Release|Any CPU.ActiveCfg = Release|Any CPU
		{1D2AFDE3-0C7B-40E0-99AF-1469AFEB4288}.Release|Any CPU.Build.0 = Release|Any CPU
		{54C94347-97A9-449F-BEE3-4855CAB2D640}.Debug|Any CPU.ActiveCfg = Debug|Any CPU
		{54C94347-97A9-449F-BEE3-4855CAB2D640}.Debug|Any CPU.Build.0 = Debug|Any CPU
		{54C94347-97A9-449F-BEE3-4855CAB2D640}.Release|Any CPU.ActiveCfg = Release|Any CPU
		{54C94347-97A9-449F-BEE3-4855CAB2D640}.Release|Any CPU.Build.0 = Release|Any CPU
		{A234AE8B-6DD1-4816-B009-58A862CD38A4}.Debug|Any CPU.ActiveCfg = Debug|Any CPU
		{A234AE8B-6DD1-4816-B009-58A862CD38A4}.Debug|Any CPU.Build.0 = Debug|Any CPU
		{A234AE8B-6DD1-4816-B009-58A862CD38A4}.Release|Any CPU.ActiveCfg = Release|Any CPU
		{A234AE8B-6DD1-4816-B009-58A862CD38A4}.Release|Any CPU.Build.0 = Release|Any CPU
		{0DE2F901-21BB-4AD3-B145-934C7366CC95}.Debug|Any CPU.ActiveCfg = Debug|Any CPU
		{0DE2F901-21BB-4AD3-B145-934C7366CC95}.Debug|Any CPU.Build.0 = Debug|Any CPU
		{0DE2F901-21BB-4AD3-B145-934C7366CC95}.Release|Any CPU.ActiveCfg = Release|Any CPU
		{0DE2F901-21BB-4AD3-B145-934C7366CC95}.Release|Any CPU.Build.0 = Release|Any CPU
		{E5056443-4C7C-4445-B920-1F71598DDB00}.Debug|Any CPU.ActiveCfg = Debug|Any CPU
		{E5056443-4C7C-4445-B920-1F71598DDB00}.Debug|Any CPU.Build.0 = Debug|Any CPU
		{E5056443-4C7C-4445-B920-1F71598DDB00}.Release|Any CPU.ActiveCfg = Release|Any CPU
		{E5056443-4C7C-4445-B920-1F71598DDB00}.Release|Any CPU.Build.0 = Release|Any CPU
		{8D7D7B7C-5BC1-4DF6-9AA0-4A1F7195BFC9}.Debug|Any CPU.ActiveCfg = Debug|Any CPU
		{8D7D7B7C-5BC1-4DF6-9AA0-4A1F7195BFC9}.Debug|Any CPU.Build.0 = Debug|Any CPU
		{8D7D7B7C-5BC1-4DF6-9AA0-4A1F7195BFC9}.Release|Any CPU.ActiveCfg = Release|Any CPU
		{8D7D7B7C-5BC1-4DF6-9AA0-4A1F7195BFC9}.Release|Any CPU.Build.0 = Release|Any CPU
		{99B61356-1DA2-4926-B742-B60D7C7BADCA}.Debug|Any CPU.ActiveCfg = Debug|Any CPU
		{99B61356-1DA2-4926-B742-B60D7C7BADCA}.Debug|Any CPU.Build.0 = Debug|Any CPU
		{99B61356-1DA2-4926-B742-B60D7C7BADCA}.Release|Any CPU.ActiveCfg = Release|Any CPU
		{99B61356-1DA2-4926-B742-B60D7C7BADCA}.Release|Any CPU.Build.0 = Release|Any CPU
		{5A7BF2BE-395C-45E2-AC10-3593AE221064}.Debug|Any CPU.ActiveCfg = Debug|Any CPU
		{5A7BF2BE-395C-45E2-AC10-3593AE221064}.Debug|Any CPU.Build.0 = Debug|Any CPU
		{5A7BF2BE-395C-45E2-AC10-3593AE221064}.Release|Any CPU.ActiveCfg = Release|Any CPU
		{5A7BF2BE-395C-45E2-AC10-3593AE221064}.Release|Any CPU.Build.0 = Release|Any CPU
		{D66444A8-EB09-4BC5-BEFC-5F2D4EB82E2B}.Debug|Any CPU.ActiveCfg = Debug|Any CPU
		{D66444A8-EB09-4BC5-BEFC-5F2D4EB82E2B}.Debug|Any CPU.Build.0 = Debug|Any CPU
		{D66444A8-EB09-4BC5-BEFC-5F2D4EB82E2B}.Release|Any CPU.ActiveCfg = Release|Any CPU
		{D66444A8-EB09-4BC5-BEFC-5F2D4EB82E2B}.Release|Any CPU.Build.0 = Release|Any CPU
		{5D413EAC-6474-477E-AC9B-DC099D6FEA72}.Debug|Any CPU.ActiveCfg = Debug|Any CPU
		{5D413EAC-6474-477E-AC9B-DC099D6FEA72}.Debug|Any CPU.Build.0 = Debug|Any CPU
		{5D413EAC-6474-477E-AC9B-DC099D6FEA72}.Release|Any CPU.ActiveCfg = Release|Any CPU
		{5D413EAC-6474-477E-AC9B-DC099D6FEA72}.Release|Any CPU.Build.0 = Release|Any CPU
		{96D6BCFB-72F7-4AF0-982D-BB6FE496CB8E}.Debug|Any CPU.ActiveCfg = Debug|Any CPU
		{96D6BCFB-72F7-4AF0-982D-BB6FE496CB8E}.Debug|Any CPU.Build.0 = Debug|Any CPU
		{96D6BCFB-72F7-4AF0-982D-BB6FE496CB8E}.Release|Any CPU.ActiveCfg = Release|Any CPU
		{96D6BCFB-72F7-4AF0-982D-BB6FE496CB8E}.Release|Any CPU.Build.0 = Release|Any CPU
		{C795D14B-4383-48B7-A282-607F3C20B11E}.Debug|Any CPU.ActiveCfg = Debug|Any CPU
		{C795D14B-4383-48B7-A282-607F3C20B11E}.Debug|Any CPU.Build.0 = Debug|Any CPU
		{C795D14B-4383-48B7-A282-607F3C20B11E}.Release|Any CPU.ActiveCfg = Release|Any CPU
		{C795D14B-4383-48B7-A282-607F3C20B11E}.Release|Any CPU.Build.0 = Release|Any CPU
		{1DBCCB2D-4289-4DC1-8DC4-07A7A60AEEFD}.Debug|Any CPU.ActiveCfg = Debug|Any CPU
		{1DBCCB2D-4289-4DC1-8DC4-07A7A60AEEFD}.Debug|Any CPU.Build.0 = Debug|Any CPU
		{1DBCCB2D-4289-4DC1-8DC4-07A7A60AEEFD}.Release|Any CPU.ActiveCfg = Release|Any CPU
		{1DBCCB2D-4289-4DC1-8DC4-07A7A60AEEFD}.Release|Any CPU.Build.0 = Release|Any CPU
	EndGlobalSection
	GlobalSection(SolutionProperties) = preSolution
		HideSolutionNode = FALSE
	EndGlobalSection
	GlobalSection(NestedProjects) = preSolution
		{7C724C7F-CD1A-482D-AF0B-0574AD01EAF6} = {3FD64579-534B-4C90-A96F-F3A3B2912A16}
		{81CF3337-3468-4EE5-A859-27B39B7DC452} = {3FD64579-534B-4C90-A96F-F3A3B2912A16}
		{4559B44D-085D-4765-95F2-F4E7FEB280D5} = {3FD64579-534B-4C90-A96F-F3A3B2912A16}
		{97A9CA17-1BBB-4DB0-84EE-A5A2D751EC47} = {3FD64579-534B-4C90-A96F-F3A3B2912A16}
		{1D2AFDE3-0C7B-40E0-99AF-1469AFEB4288} = {7C724C7F-CD1A-482D-AF0B-0574AD01EAF6}
		{54C94347-97A9-449F-BEE3-4855CAB2D640} = {7C724C7F-CD1A-482D-AF0B-0574AD01EAF6}
		{A234AE8B-6DD1-4816-B009-58A862CD38A4} = {81CF3337-3468-4EE5-A859-27B39B7DC452}
		{0DE2F901-21BB-4AD3-B145-934C7366CC95} = {81CF3337-3468-4EE5-A859-27B39B7DC452}
		{E5056443-4C7C-4445-B920-1F71598DDB00} = {81CF3337-3468-4EE5-A859-27B39B7DC452}
		{4230CDFA-0EE1-4ECE-B4D2-518FAA2CB708} = {3FD64579-534B-4C90-A96F-F3A3B2912A16}
		{1A512F48-6C3B-45BD-8C3F-1585E2EBBA1A} = {97A9CA17-1BBB-4DB0-84EE-A5A2D751EC47}
		{983AF096-B5BE-4FB4-87A0-CE6AE20C2262} = {97A9CA17-1BBB-4DB0-84EE-A5A2D751EC47}
		{8D7D7B7C-5BC1-4DF6-9AA0-4A1F7195BFC9} = {983AF096-B5BE-4FB4-87A0-CE6AE20C2262}
		{99B61356-1DA2-4926-B742-B60D7C7BADCA} = {1A512F48-6C3B-45BD-8C3F-1585E2EBBA1A}
		{300A428B-AAD8-4C4A-A7FB-7B5FAA7BE4BC} = {4230CDFA-0EE1-4ECE-B4D2-518FAA2CB708}
		{F641AFCC-1220-4B02-B4AE-976413EAC125} = {4230CDFA-0EE1-4ECE-B4D2-518FAA2CB708}
		{5A7BF2BE-395C-45E2-AC10-3593AE221064} = {F641AFCC-1220-4B02-B4AE-976413EAC125}
		{D66444A8-EB09-4BC5-BEFC-5F2D4EB82E2B} = {300A428B-AAD8-4C4A-A7FB-7B5FAA7BE4BC}
		{5D413EAC-6474-477E-AC9B-DC099D6FEA72} = {3FD64579-534B-4C90-A96F-F3A3B2912A16}
		{96D6BCFB-72F7-4AF0-982D-BB6FE496CB8E} = {300A428B-AAD8-4C4A-A7FB-7B5FAA7BE4BC}
		{C795D14B-4383-48B7-A282-607F3C20B11E} = {300A428B-AAD8-4C4A-A7FB-7B5FAA7BE4BC}
		{1DBCCB2D-4289-4DC1-8DC4-07A7A60AEEFD} = {4559B44D-085D-4765-95F2-F4E7FEB280D5}
	EndGlobalSection
	GlobalSection(ExtensibilityGlobals) = postSolution
		SolutionGuid = {75D04F69-1312-4D48-8987-BF28F395C788}
	EndGlobalSection
EndGlobal
